
Microsoft Visual Studio Solution File, Format Version 12.00
# Visual Studio Version 17
VisualStudioVersion = 17.5.33516.290
MinimumVisualStudioVersion = 10.0.40219.1
Project("{FAE04EC0-301F-11D3-BF4B-00C04F79EFBC}") = "WorkAround", "WorkAround\WorkAround.csproj", "{1DBE09B3-CDEC-436F-B8CE-149E74B133DC}"
EndProject
Project("{FAE04EC0-301F-11D3-BF4B-00C04F79EFBC}") = "Entities", "Entities\Entities.csproj", "{9A47619F-BE50-49AB-A83D-ADCAF330EF3F}"
EndProject
Project("{FAE04EC0-301F-11D3-BF4B-00C04F79EFBC}") = "Business", "Business\Business.csproj", "{8728340C-06B2-47CE-9945-BB2AF5EF1FAE}"
EndProject
Global
	GlobalSection(SolutionConfigurationPlatforms) = preSolution
		Debug|Any CPU = Debug|Any CPU
		Release|Any CPU = Release|Any CPU
	EndGlobalSection
	GlobalSection(ProjectConfigurationPlatforms) = postSolution
		{1DBE09B3-CDEC-436F-B8CE-149E74B133DC}.Debug|Any CPU.ActiveCfg = Debug|Any CPU
		{1DBE09B3-CDEC-436F-B8CE-149E74B133DC}.Debug|Any CPU.Build.0 = Debug|Any CPU
		{1DBE09B3-CDEC-436F-B8CE-149E74B133DC}.Release|Any CPU.ActiveCfg = Release|Any CPU
		{1DBE09B3-CDEC-436F-B8CE-149E74B133DC}.Release|Any CPU.Build.0 = Release|Any CPU
		{9A47619F-BE50-49AB-A83D-ADCAF330EF3F}.Debug|Any CPU.ActiveCfg = Debug|Any CPU
		{9A47619F-BE50-49AB-A83D-ADCAF330EF3F}.Debug|Any CPU.Build.0 = Debug|Any CPU
		{9A47619F-BE50-49AB-A83D-ADCAF330EF3F}.Release|Any CPU.ActiveCfg = Release|Any CPU
		{9A47619F-BE50-49AB-A83D-ADCAF330EF3F}.Release|Any CPU.Build.0 = Release|Any CPU
		{8728340C-06B2-47CE-9945-BB2AF5EF1FAE}.Debug|Any CPU.ActiveCfg = Debug|Any CPU
		{8728340C-06B2-47CE-9945-BB2AF5EF1FAE}.Debug|Any CPU.Build.0 = Debug|Any CPU
		{8728340C-06B2-47CE-9945-BB2AF5EF1FAE}.Release|Any CPU.ActiveCfg = Release|Any CPU
		{8728340C-06B2-47CE-9945-BB2AF5EF1FAE}.Release|Any CPU.Build.0 = Release|Any CPU
	EndGlobalSection
	GlobalSection(SolutionProperties) = preSolution
		HideSolutionNode = FALSE
	EndGlobalSection
	GlobalSection(ExtensibilityGlobals) = postSolution
		SolutionGuid = {F89834A4-0206-4915-9587-AC6E736E7F08}
	EndGlobalSection
EndGlobal
